
Microsoft Visual Studio Solution File, Format Version 12.00
# Visual Studio Version 17
VisualStudioVersion = 17.14.36414.22 d17.14
MinimumVisualStudioVersion = 10.0.40219.1
Project("{FAE04EC0-301F-11D3-BF4B-00C04F79EFBC}") = "TicketFlix", "TicketFlix\TicketFlix.csproj", "{83FA898A-4D52-4FEB-999F-CA851B531AB3}"
EndProject
Global
	GlobalSection(SolutionConfigurationPlatforms) = preSolution
		Debug|Any CPU = Debug|Any CPU
		Release|Any CPU = Release|Any CPU
	EndGlobalSection
	GlobalSection(ProjectConfigurationPlatforms) = postSolution
		{83FA898A-4D52-4FEB-999F-CA851B531AB3}.Debug|Any CPU.ActiveCfg = Debug|Any CPU
		{83FA898A-4D52-4FEB-999F-CA851B531AB3}.Debug|Any CPU.Build.0 = Debug|Any CPU
		{83FA898A-4D52-4FEB-999F-CA851B531AB3}.Release|Any CPU.ActiveCfg = Release|Any CPU
		{83FA898A-4D52-4FEB-999F-CA851B531AB3}.Release|Any CPU.Build.0 = Release|Any CPU
	EndGlobalSection
	GlobalSection(SolutionProperties) = preSolution
		HideSolutionNode = FALSE
	EndGlobalSection
	GlobalSection(ExtensibilityGlobals) = postSolution
		SolutionGuid = {51A9A200-96A7-4E44-A995-BD60B224B5EC}
	EndGlobalSection
EndGlobal
